
Microsoft Visual Studio Solution File, Format Version 12.00
# Visual Studio Version 16
VisualStudioVersion = 16.0.30204.135
MinimumVisualStudioVersion = 10.0.40219.1
Project("{FAE04EC0-301F-11D3-BF4B-00C04F79EFBC}") = "Alert", "Alert\Alert.csproj", "{6810B4F8-F75F-4339-B03C-1C4B1235660D}"
EndProject
Project("{FAE04EC0-301F-11D3-BF4B-00C04F79EFBC}") = "Post", "Post\Post.csproj", "{FFF857E0-793E-4535-8234-CE4CA2C518E6}"
EndProject
Global
	GlobalSection(SolutionConfigurationPlatforms) = preSolution
		Debug|Any CPU = Debug|Any CPU
		Release|Any CPU = Release|Any CPU
	EndGlobalSection
	GlobalSection(ProjectConfigurationPlatforms) = postSolution
		{6810B4F8-F75F-4339-B03C-1C4B1235660D}.Debug|Any CPU.ActiveCfg = Debug|Any CPU
		{6810B4F8-F75F-4339-B03C-1C4B1235660D}.Debug|Any CPU.Build.0 = Debug|Any CPU
		{6810B4F8-F75F-4339-B03C-1C4B1235660D}.Release|Any CPU.ActiveCfg = Release|Any CPU
		{6810B4F8-F75F-4339-B03C-1C4B1235660D}.Release|Any CPU.Build.0 = Release|Any CPU
		{FFF857E0-793E-4535-8234-CE4CA2C518E6}.Debug|Any CPU.ActiveCfg = Debug|Any CPU
		{FFF857E0-793E-4535-8234-CE4CA2C518E6}.Debug|Any CPU.Build.0 = Debug|Any CPU
		{FFF857E0-793E-4535-8234-CE4CA2C518E6}.Release|Any CPU.ActiveCfg = Release|Any CPU
		{FFF857E0-793E-4535-8234-CE4CA2C518E6}.Release|Any CPU.Build.0 = Release|Any CPU
	EndGlobalSection
	GlobalSection(SolutionProperties) = preSolution
		HideSolutionNode = FALSE
	EndGlobalSection
	GlobalSection(ExtensibilityGlobals) = postSolution
		SolutionGuid = {2F78A395-7562-4C06-BDFB-B2940A998CE2}
	EndGlobalSection
EndGlobal
