
Microsoft Visual Studio Solution File, Format Version 12.00
# Visual Studio Version 16
VisualStudioVersion = 16.0.30907.101
MinimumVisualStudioVersion = 10.0.40219.1
Project("{9A19103F-16F7-4668-BE54-9A1E7A4F7556}") = "Calendar", "Calendar\Calendar.csproj", "{7C31F18C-B379-49E6-9209-CD97F41B9BCB}"
EndProject
Project("{9A19103F-16F7-4668-BE54-9A1E7A4F7556}") = "Calendar.UnitTests", "Calendar.UnitTests\Calendar.UnitTests.csproj", "{0AC161C2-234E-46CD-BE70-D28146FBDA2D}"
EndProject
Project("{FAE04EC0-301F-11D3-BF4B-00C04F79EFBC}") = "Calendar.UserInterface", "Calendar.UserInterface\Calendar.UserInterface.csproj", "{2AC56D1E-13B8-44C4-8F27-E7555F6E6D2C}"
EndProject
Global
	GlobalSection(SolutionConfigurationPlatforms) = preSolution
		Debug|Any CPU = Debug|Any CPU
		Release|Any CPU = Release|Any CPU
	EndGlobalSection
	GlobalSection(ProjectConfigurationPlatforms) = postSolution
		{7C31F18C-B379-49E6-9209-CD97F41B9BCB}.Debug|Any CPU.ActiveCfg = Debug|Any CPU
		{7C31F18C-B379-49E6-9209-CD97F41B9BCB}.Debug|Any CPU.Build.0 = Debug|Any CPU
		{7C31F18C-B379-49E6-9209-CD97F41B9BCB}.Release|Any CPU.ActiveCfg = Release|Any CPU
		{7C31F18C-B379-49E6-9209-CD97F41B9BCB}.Release|Any CPU.Build.0 = Release|Any CPU
		{0AC161C2-234E-46CD-BE70-D28146FBDA2D}.Debug|Any CPU.ActiveCfg = Debug|Any CPU
		{0AC161C2-234E-46CD-BE70-D28146FBDA2D}.Debug|Any CPU.Build.0 = Debug|Any CPU
		{0AC161C2-234E-46CD-BE70-D28146FBDA2D}.Release|Any CPU.ActiveCfg = Release|Any CPU
		{0AC161C2-234E-46CD-BE70-D28146FBDA2D}.Release|Any CPU.Build.0 = Release|Any CPU
		{2AC56D1E-13B8-44C4-8F27-E7555F6E6D2C}.Debug|Any CPU.ActiveCfg = Debug|Any CPU
		{2AC56D1E-13B8-44C4-8F27-E7555F6E6D2C}.Debug|Any CPU.Build.0 = Debug|Any CPU
		{2AC56D1E-13B8-44C4-8F27-E7555F6E6D2C}.Release|Any CPU.ActiveCfg = Release|Any CPU
		{2AC56D1E-13B8-44C4-8F27-E7555F6E6D2C}.Release|Any CPU.Build.0 = Release|Any CPU
	EndGlobalSection
	GlobalSection(SolutionProperties) = preSolution
		HideSolutionNode = FALSE
	EndGlobalSection
	GlobalSection(ExtensibilityGlobals) = postSolution
		SolutionGuid = {B43DE68E-5AA8-4E60-9F04-F707525E5FD2}
	EndGlobalSection
EndGlobal
