
Microsoft Visual Studio Solution File, Format Version 12.00
# Visual Studio Version 16
VisualStudioVersion = 16.0.30907.101
MinimumVisualStudioVersion = 10.0.40219.1
Project("{FAE04EC0-301F-11D3-BF4B-00C04F79EFBC}") = "Notes", "Notes.csproj", "{609BD090-D991-47A7-B66F-5FAC73A554C1}"
EndProject
Global
	GlobalSection(SolutionConfigurationPlatforms) = preSolution
		Debug|Any CPU = Debug|Any CPU
		Release|Any CPU = Release|Any CPU
	EndGlobalSection
	GlobalSection(ProjectConfigurationPlatforms) = postSolution
		{609BD090-D991-47A7-B66F-5FAC73A554C1}.Debug|Any CPU.ActiveCfg = Debug|Any CPU
		{609BD090-D991-47A7-B66F-5FAC73A554C1}.Debug|Any CPU.Build.0 = Debug|Any CPU
		{609BD090-D991-47A7-B66F-5FAC73A554C1}.Release|Any CPU.ActiveCfg = Release|Any CPU
		{609BD090-D991-47A7-B66F-5FAC73A554C1}.Release|Any CPU.Build.0 = Release|Any CPU
	EndGlobalSection
	GlobalSection(SolutionProperties) = preSolution
		HideSolutionNode = FALSE
	EndGlobalSection
	GlobalSection(ExtensibilityGlobals) = postSolution
		SolutionGuid = {62F29CCE-7FB0-4D79-907C-3A134435D6FA}
	EndGlobalSection
EndGlobal
